{
  "name": "integration",
  "version": "1.0.0",
  "lockfileVersion": 3,
  "requires": true,
  "packages": {
    "": {
      "name": "integration",
      "version": "1.0.0",
      "license": "ISC",
      "dependencies": {
        "@hospital-dk/doctor": "file:../packages/doctor",
        "@hospital-dk/patient": "file:../packages/patient",
        "@hospital-dk/scheduler": "file:../packages/scheduler"
      }
    },
    "../packages/doctor": {
      "version": "0.0.7",
      "license": "ISC"
    },
    "../packages/patient": {
      "name": "@hospital-dk/patient",
      "version": "0.0.7",
      "license": "ISC"
    },
    "../packages/scheduler": {
      "name": "@hospital-dk/scheduler",
      "version": "0.0.7",
      "license": "ISC"
    },
    "node_modules/@hospital-dk/doctor": {
      "resolved": "../packages/doctor",
      "link": true
    },
    "node_modules/@hospital-dk/patient": {
      "resolved": "../packages/patient",
      "link": true
    },
    "node_modules/@hospital-dk/scheduler": {
      "resolved": "../packages/scheduler",
      "link": true
    }
  }
}
