{
  "name": "integration",
  "version": "0.0.6",
  "lockfileVersion": 3,
  "requires": true,
  "packages": {
    "": {
      "name": "integration",
      "version": "0.0.6",
      "license": "ISC",
      "dependencies": {
        "@hospital-dk/doctor": "^0.0.6",
        "@hospital-dk/patient": "^0.0.6",
        "@hospital-dk/scheduler": "^0.0.6"
      }
    },
    "node_modules/@hospital-dk/doctor": {
      "version": "0.0.6",
      "resolved": "https://registry.npmjs.org/@hospital-dk/doctor/-/doctor-0.0.6.tgz",
      "integrity": "sha512-/2vXvbNfxAmEL1gG6XyngelQgFRNbKm9OPQ3q7wYdjAEyDgGCRkMRyRGzdqp2JV1bwK+dmY93LuaX72PDsttRA=="
    },
    "node_modules/@hospital-dk/patient": {
      "version": "0.0.6",
      "resolved": "https://registry.npmjs.org/@hospital-dk/patient/-/patient-0.0.6.tgz",
      "integrity": "sha512-uYMxo1PnghdIUQni9+X783RnDnMUOw8+rbnebYBCdV3FbHpstG9m/TdByc7NdwJXRyYdnhHSKGleelEabE6lyg=="
    },
    "node_modules/@hospital-dk/scheduler": {
      "version": "0.0.6",
      "resolved": "https://registry.npmjs.org/@hospital-dk/scheduler/-/scheduler-0.0.6.tgz",
      "integrity": "sha512-8HGXU2hv0cLy9hJWguyyvU/XWREMpiiLoU0/8QBl3WR1J20GXArKUjcIB1LLZTvZ+Zi2j69oO1rsWvfnBhDIDA=="
    }
  }
}
